version = 1
requires-python = ">=3.12"
resolution-markers = [
    "platform_system == 'Darwin'",
    "platform_machine == 'aarch64' and platform_system == 'Linux'",
    "(platform_machine != 'aarch64' and platform_system != 'Darwin') or (platform_system != 'Darwin' and platform_system != 'Linux')",
]

[[package]]
name = "bin2mp4"
version = "0.1.0"
source = { virtual = "." }
